
Microsoft Visual Studio Solution File, Format Version 12.00
# Visual Studio Version 17
VisualStudioVersion = 17.9.34616.47
MinimumVisualStudioVersion = 10.0.40219.1
Project("{FAE04EC0-301F-11D3-BF4B-00C04F79EFBC}") = "BOM-API v2", "BOM-API v2\BOM-API v2.csproj", "{D74681C9-2227-43A7-BFBB-843291C79DD3}"
EndProject
Global
	GlobalSection(SolutionConfigurationPlatforms) = preSolution
		Debug|Any CPU = Debug|Any CPU
		Release|Any CPU = Release|Any CPU
	EndGlobalSection
	GlobalSection(ProjectConfigurationPlatforms) = postSolution
		{D74681C9-2227-43A7-BFBB-843291C79DD3}.Debug|Any CPU.ActiveCfg = Debug|Any CPU
		{D74681C9-2227-43A7-BFBB-843291C79DD3}.Debug|Any CPU.Build.0 = Debug|Any CPU
		{D74681C9-2227-43A7-BFBB-843291C79DD3}.Release|Any CPU.ActiveCfg = Release|Any CPU
		{D74681C9-2227-43A7-BFBB-843291C79DD3}.Release|Any CPU.Build.0 = Release|Any CPU
	EndGlobalSection
	GlobalSection(SolutionProperties) = preSolution
		HideSolutionNode = FALSE
	EndGlobalSection
	GlobalSection(ExtensibilityGlobals) = postSolution
		SolutionGuid = {E0A99069-FFA7-44DD-911E-7B345DB33948}
	EndGlobalSection
EndGlobal
